
Microsoft Visual Studio Solution File, Format Version 11.00
# Visual Studio 2010
Project("{FAE04EC0-301F-11D3-BF4B-00C04F79EFBC}") = "MvcWebApp", "MvcWebApp\MvcWebApp.csproj", "{DD5E6747-B6E8-4E6F-B202-79F2518C1D4D}"
EndProject
Global
	GlobalSection(SolutionConfigurationPlatforms) = preSolution
		Debug|Any CPU = Debug|Any CPU
		Release|Any CPU = Release|Any CPU
	EndGlobalSection
	GlobalSection(ProjectConfigurationPlatforms) = postSolution
		{DD5E6747-B6E8-4E6F-B202-79F2518C1D4D}.Debug|Any CPU.ActiveCfg = Debug|Any CPU
		{DD5E6747-B6E8-4E6F-B202-79F2518C1D4D}.Debug|Any CPU.Build.0 = Debug|Any CPU
		{DD5E6747-B6E8-4E6F-B202-79F2518C1D4D}.Release|Any CPU.ActiveCfg = Release|Any CPU
		{DD5E6747-B6E8-4E6F-B202-79F2518C1D4D}.Release|Any CPU.Build.0 = Release|Any CPU
	EndGlobalSection
	GlobalSection(SolutionProperties) = preSolution
		HideSolutionNode = FALSE
	EndGlobalSection
EndGlobal
